
Microsoft Visual Studio Solution File, Format Version 12.00
# Visual Studio Version 17
VisualStudioVersion = 17.1.32407.343
MinimumVisualStudioVersion = 10.0.40219.1
Project("{FAE04EC0-301F-11D3-BF4B-00C04F79EFBC}") = "Code_Demo", "Code_Demo\Code_Demo.csproj", "{33E4EF65-8E07-43D5-8260-F0BBCF0AFD04}"
EndProject
Project("{FAE04EC0-301F-11D3-BF4B-00C04F79EFBC}") = "MSSQL", "MSSQL\MSSQL.csproj", "{7B8C6FFB-D8F4-4F1A-9CCF-E8D81179B175}"
EndProject
Project("{FAE04EC0-301F-11D3-BF4B-00C04F79EFBC}") = "DBIO", "DBIO\DBIO.csproj", "{07C24687-E1FA-4D6F-BE38-2C457F8D5261}"
EndProject
Global
	GlobalSection(SolutionConfigurationPlatforms) = preSolution
		Debug|Any CPU = Debug|Any CPU
		Release|Any CPU = Release|Any CPU
	EndGlobalSection
	GlobalSection(ProjectConfigurationPlatforms) = postSolution
		{33E4EF65-8E07-43D5-8260-F0BBCF0AFD04}.Debug|Any CPU.ActiveCfg = Debug|Any CPU
		{33E4EF65-8E07-43D5-8260-F0BBCF0AFD04}.Debug|Any CPU.Build.0 = Debug|Any CPU
		{33E4EF65-8E07-43D5-8260-F0BBCF0AFD04}.Release|Any CPU.ActiveCfg = Release|Any CPU
		{33E4EF65-8E07-43D5-8260-F0BBCF0AFD04}.Release|Any CPU.Build.0 = Release|Any CPU
		{7B8C6FFB-D8F4-4F1A-9CCF-E8D81179B175}.Debug|Any CPU.ActiveCfg = Debug|Any CPU
		{7B8C6FFB-D8F4-4F1A-9CCF-E8D81179B175}.Debug|Any CPU.Build.0 = Debug|Any CPU
		{7B8C6FFB-D8F4-4F1A-9CCF-E8D81179B175}.Release|Any CPU.ActiveCfg = Release|Any CPU
		{7B8C6FFB-D8F4-4F1A-9CCF-E8D81179B175}.Release|Any CPU.Build.0 = Release|Any CPU
		{07C24687-E1FA-4D6F-BE38-2C457F8D5261}.Debug|Any CPU.ActiveCfg = Debug|Any CPU
		{07C24687-E1FA-4D6F-BE38-2C457F8D5261}.Debug|Any CPU.Build.0 = Debug|Any CPU
		{07C24687-E1FA-4D6F-BE38-2C457F8D5261}.Release|Any CPU.ActiveCfg = Release|Any CPU
		{07C24687-E1FA-4D6F-BE38-2C457F8D5261}.Release|Any CPU.Build.0 = Release|Any CPU
	EndGlobalSection
	GlobalSection(SolutionProperties) = preSolution
		HideSolutionNode = FALSE
	EndGlobalSection
	GlobalSection(ExtensibilityGlobals) = postSolution
		SolutionGuid = {6B598732-B705-4EB8-8E52-9515A6C446D6}
	EndGlobalSection
EndGlobal
